
Microsoft Visual Studio Solution File, Format Version 12.00
# Visual Studio Version 16
VisualStudioVersion = 16.0.29215.179
MinimumVisualStudioVersion = 10.0.40219.1
Project("{FAE04EC0-301F-11D3-BF4B-00C04F79EFBC}") = "AfgiftBeregnerSeleniumTest", "AfgiftBeregnerSeleniumTest\AfgiftBeregnerSeleniumTest.csproj", "{C1B1C35E-01C2-4CEC-8C10-327ED9E59768}"
EndProject
Global
	GlobalSection(SolutionConfigurationPlatforms) = preSolution
		Debug|Any CPU = Debug|Any CPU
		Release|Any CPU = Release|Any CPU
	EndGlobalSection
	GlobalSection(ProjectConfigurationPlatforms) = postSolution
		{C1B1C35E-01C2-4CEC-8C10-327ED9E59768}.Debug|Any CPU.ActiveCfg = Debug|Any CPU
		{C1B1C35E-01C2-4CEC-8C10-327ED9E59768}.Debug|Any CPU.Build.0 = Debug|Any CPU
		{C1B1C35E-01C2-4CEC-8C10-327ED9E59768}.Release|Any CPU.ActiveCfg = Release|Any CPU
		{C1B1C35E-01C2-4CEC-8C10-327ED9E59768}.Release|Any CPU.Build.0 = Release|Any CPU
	EndGlobalSection
	GlobalSection(SolutionProperties) = preSolution
		HideSolutionNode = FALSE
	EndGlobalSection
	GlobalSection(ExtensibilityGlobals) = postSolution
		SolutionGuid = {DA315C9D-71EE-4D97-A8C9-95DD2EEE23BA}
	EndGlobalSection
EndGlobal
